
Microsoft Visual Studio Solution File, Format Version 12.00
# Visual Studio Version 16
VisualStudioVersion = 16.0.32929.386
MinimumVisualStudioVersion = 10.0.40219.1
Project("{FAE04EC0-301F-11D3-BF4B-00C04F79EFBC}") = "OlfastyLauncher", "OlfastyLauncher\OlfastyLauncher.csproj", "{61419B1D-3216-4957-990C-2E11671A1FE0}"
EndProject
Global
	GlobalSection(SolutionConfigurationPlatforms) = preSolution
		Debug|Any CPU = Debug|Any CPU
		Release|Any CPU = Release|Any CPU
	EndGlobalSection
	GlobalSection(ProjectConfigurationPlatforms) = postSolution
		{61419B1D-3216-4957-990C-2E11671A1FE0}.Debug|Any CPU.ActiveCfg = Debug|Any CPU
		{61419B1D-3216-4957-990C-2E11671A1FE0}.Debug|Any CPU.Build.0 = Debug|Any CPU
		{61419B1D-3216-4957-990C-2E11671A1FE0}.Release|Any CPU.ActiveCfg = Release|Any CPU
		{61419B1D-3216-4957-990C-2E11671A1FE0}.Release|Any CPU.Build.0 = Release|Any CPU
	EndGlobalSection
	GlobalSection(SolutionProperties) = preSolution
		HideSolutionNode = FALSE
	EndGlobalSection
	GlobalSection(ExtensibilityGlobals) = postSolution
		SolutionGuid = {0CA93886-D792-4835-A972-DE16BB7CD23C}
	EndGlobalSection
EndGlobal
